{
  "name": "tests",
  "version": "0.0.1",
  "lockfileVersion": 1,
  "requires": true,
  "dependencies": {
    "unity-n-flow": {
      "version": "file:../../unity-n-flow"
    },
    "unity-n-tests": {
      "version": "github:shadowmint/unity-n-tests#12fcc4f82288d84a9c5157a4e053a714a8a1fa58",
      "from": "github:shadowmint/unity-n-tests#1.1.1"
    },
    "unity-n-uielements": {
      "version": "file:..",
      "requires": {
        "unity-n-flow": "file:../../unity-n-flow",
        "unity-n-uitools": "github:shadowmint/unity-n-uitools#b604e37c35c56743c57a385a57634b9939184c38"
      },
      "dependencies": {
        "unity-n-uitools": {
          "version": "github:shadowmint/unity-n-uitools#b604e37c35c56743c57a385a57634b9939184c38",
          "from": "github:shadowmint/unity-n-uitools#1.0.0",
          "bundled": true
        }
      }
    },
    "unity-n-uitools": {
      "version": "github:shadowmint/unity-n-uitools#b604e37c35c56743c57a385a57634b9939184c38",
      "from": "github:shadowmint/unity-n-uitools"
    }
  }
}
